
Microsoft Visual Studio Solution File, Format Version 12.00
# Visual Studio 2013
VisualStudioVersion = 12.0.31101.0
MinimumVisualStudioVersion = 10.0.40219.1
Project("{FAE04EC0-301F-11D3-BF4B-00C04F79EFBC}") = "RSFFire", "RSFFire\RSFFire.csproj", "{7040DB55-67F0-45FE-9FA0-4FDFE32FF2D4}"
EndProject
Project("{FAE04EC0-301F-11D3-BF4B-00C04F79EFBC}") = "RSFFireData", "RSFFireDataModels\RSFFireData.csproj", "{5607AD67-6E46-425B-9937-251076346348}"
EndProject
Project("{FAE04EC0-301F-11D3-BF4B-00C04F79EFBC}") = "EFDataTesting", "EFDataTesting\EFDataTesting.csproj", "{AC675A42-C656-42B1-9BE2-D92C2408EC08}"
EndProject
Project("{FAE04EC0-301F-11D3-BF4B-00C04F79EFBC}") = "RSFFireBiz", "RSFFireBiz\RSFFireBiz.csproj", "{4AD2A992-2C33-4FE4-A60F-232C81B6308C}"
EndProject
Global
	GlobalSection(TeamFoundationVersionControl) = preSolution
		SccNumberOfProjects = 5
		SccEnterpriseProvider = {4CA58AB2-18FA-4F8D-95D4-32DDF27D184C}
		SccTeamFoundationServer = http://chucks-pc:8080/tfs/blue%20jean%20software
		SccLocalPath0 = .
		SccProjectUniqueName1 = RSFFire\\RSFFire.csproj
		SccProjectName1 = RSFFire
		SccLocalPath1 = RSFFire
		SccProjectUniqueName2 = RSFFireDataModels\\RSFFireData.csproj
		SccProjectName2 = RSFFireDataModels
		SccLocalPath2 = RSFFireDataModels
		SccProjectUniqueName3 = EFDataTesting\\EFDataTesting.csproj
		SccProjectName3 = EFDataTesting
		SccLocalPath3 = EFDataTesting
		SccProjectUniqueName4 = RSFFireBiz\\RSFFireBiz.csproj
		SccProjectName4 = RSFFireBiz
		SccLocalPath4 = RSFFireBiz
	EndGlobalSection
	GlobalSection(SolutionConfigurationPlatforms) = preSolution
		Debug|Any CPU = Debug|Any CPU
		Release|Any CPU = Release|Any CPU
	EndGlobalSection
	GlobalSection(ProjectConfigurationPlatforms) = postSolution
		{7040DB55-67F0-45FE-9FA0-4FDFE32FF2D4}.Debug|Any CPU.ActiveCfg = Debug|Any CPU
		{7040DB55-67F0-45FE-9FA0-4FDFE32FF2D4}.Debug|Any CPU.Build.0 = Debug|Any CPU
		{7040DB55-67F0-45FE-9FA0-4FDFE32FF2D4}.Release|Any CPU.ActiveCfg = Release|Any CPU
		{7040DB55-67F0-45FE-9FA0-4FDFE32FF2D4}.Release|Any CPU.Build.0 = Release|Any CPU
		{5607AD67-6E46-425B-9937-251076346348}.Debug|Any CPU.ActiveCfg = Debug|Any CPU
		{5607AD67-6E46-425B-9937-251076346348}.Debug|Any CPU.Build.0 = Debug|Any CPU
		{5607AD67-6E46-425B-9937-251076346348}.Release|Any CPU.ActiveCfg = Release|Any CPU
		{5607AD67-6E46-425B-9937-251076346348}.Release|Any CPU.Build.0 = Release|Any CPU
		{AC675A42-C656-42B1-9BE2-D92C2408EC08}.Debug|Any CPU.ActiveCfg = Debug|Any CPU
		{AC675A42-C656-42B1-9BE2-D92C2408EC08}.Debug|Any CPU.Build.0 = Debug|Any CPU
		{AC675A42-C656-42B1-9BE2-D92C2408EC08}.Release|Any CPU.ActiveCfg = Release|Any CPU
		{AC675A42-C656-42B1-9BE2-D92C2408EC08}.Release|Any CPU.Build.0 = Release|Any CPU
		{4AD2A992-2C33-4FE4-A60F-232C81B6308C}.Debug|Any CPU.ActiveCfg = Debug|Any CPU
		{4AD2A992-2C33-4FE4-A60F-232C81B6308C}.Debug|Any CPU.Build.0 = Debug|Any CPU
		{4AD2A992-2C33-4FE4-A60F-232C81B6308C}.Release|Any CPU.ActiveCfg = Release|Any CPU
		{4AD2A992-2C33-4FE4-A60F-232C81B6308C}.Release|Any CPU.Build.0 = Release|Any CPU
	EndGlobalSection
	GlobalSection(SolutionProperties) = preSolution
		HideSolutionNode = FALSE
	EndGlobalSection
EndGlobal
